
Microsoft Visual Studio Solution File, Format Version 12.00
# Visual Studio Version 17
VisualStudioVersion = 17.2.32616.157
MinimumVisualStudioVersion = 10.0.40219.1
Project("{9A19103F-16F7-4668-BE54-9A1E7A4F7556}") = "CICDTestProj", "CICDTestProj\CICDTestProj.csproj", "{258EBDFD-637E-47B9-B687-574B9AE0FC1B}"
EndProject
Global
	GlobalSection(SolutionConfigurationPlatforms) = preSolution
		Debug|Any CPU = Debug|Any CPU
		Release|Any CPU = Release|Any CPU
	EndGlobalSection
	GlobalSection(ProjectConfigurationPlatforms) = postSolution
		{258EBDFD-637E-47B9-B687-574B9AE0FC1B}.Debug|Any CPU.ActiveCfg = Debug|Any CPU
		{258EBDFD-637E-47B9-B687-574B9AE0FC1B}.Debug|Any CPU.Build.0 = Debug|Any CPU
		{258EBDFD-637E-47B9-B687-574B9AE0FC1B}.Release|Any CPU.ActiveCfg = Release|Any CPU
		{258EBDFD-637E-47B9-B687-574B9AE0FC1B}.Release|Any CPU.Build.0 = Release|Any CPU
	EndGlobalSection
	GlobalSection(SolutionProperties) = preSolution
		HideSolutionNode = FALSE
	EndGlobalSection
	GlobalSection(ExtensibilityGlobals) = postSolution
		SolutionGuid = {DA508C5A-5772-4E52-A427-6DA64A93408C}
	EndGlobalSection
EndGlobal
